
Microsoft Visual Studio Solution File, Format Version 12.00
# Visual Studio Version 17
VisualStudioVersion = 17.1.32210.238
MinimumVisualStudioVersion = 10.0.40219.1
Project("{8BC9CEB8-8B4A-11D0-8D11-00A0C91BC942}") = "LabProject07-9-1", "LabProject07-9-1-1\LabProject07-9-1-1.vcxproj", "{6E599019-0372-4777-83CF-927424C28921}"
EndProject
Global
	GlobalSection(SolutionConfigurationPlatforms) = preSolution
		Debug|x64 = Debug|x64
		Debug|x86 = Debug|x86
		Release|x64 = Release|x64
		Release|x86 = Release|x86
	EndGlobalSection
	GlobalSection(ProjectConfigurationPlatforms) = postSolution
		{6E599019-0372-4777-83CF-927424C28921}.Debug|x64.ActiveCfg = Debug|x64
		{6E599019-0372-4777-83CF-927424C28921}.Debug|x64.Build.0 = Debug|x64
		{6E599019-0372-4777-83CF-927424C28921}.Debug|x86.ActiveCfg = Debug|Win32
		{6E599019-0372-4777-83CF-927424C28921}.Debug|x86.Build.0 = Debug|Win32
		{6E599019-0372-4777-83CF-927424C28921}.Release|x64.ActiveCfg = Release|x64
		{6E599019-0372-4777-83CF-927424C28921}.Release|x64.Build.0 = Release|x64
		{6E599019-0372-4777-83CF-927424C28921}.Release|x86.ActiveCfg = Release|Win32
		{6E599019-0372-4777-83CF-927424C28921}.Release|x86.Build.0 = Release|Win32
	EndGlobalSection
	GlobalSection(SolutionProperties) = preSolution
		HideSolutionNode = FALSE
	EndGlobalSection
	GlobalSection(ExtensibilityGlobals) = postSolution
		SolutionGuid = {0A7683F5-B2F2-4395-9C54-322B30F88DC0}
	EndGlobalSection
EndGlobal
